{
  "pins" : [
    {
      "identity" : "stripe-terminal-ios",
      "kind" : "remoteSourceControl",
      "location" : "https://github.com/stripe/stripe-terminal-ios",
      "state" : {
        "revision" : "05b6932bb5bae758d42141ecee08391a9f21803c",
        "version" : "4.7.3"
      }
    }
  ],
  "version" : 2
}
